
Microsoft Visual Studio Solution File, Format Version 12.00
# Visual Studio 2013
VisualStudioVersion = 12.0.31101.0
MinimumVisualStudioVersion = 10.0.40219.1
Project("{FAE04EC0-301F-11D3-BF4B-00C04F79EFBC}") = "AltarSteganography", "AltarSteganography\AltarSteganography.csproj", "{4A211E7B-B549-4D1E-9A47-C70C02C9107F}"
EndProject
Project("{FAE04EC0-301F-11D3-BF4B-00C04F79EFBC}") = "AltarStenoTest", "AltarStenoTest\AltarStenoTest.csproj", "{70014C3C-7B41-4D80-81EE-247ED1EC7C76}"
EndProject
Global
	GlobalSection(SolutionConfigurationPlatforms) = preSolution
		Debug|Any CPU = Debug|Any CPU
		Release|Any CPU = Release|Any CPU
	EndGlobalSection
	GlobalSection(ProjectConfigurationPlatforms) = postSolution
		{4A211E7B-B549-4D1E-9A47-C70C02C9107F}.Debug|Any CPU.ActiveCfg = Debug|Any CPU
		{4A211E7B-B549-4D1E-9A47-C70C02C9107F}.Debug|Any CPU.Build.0 = Debug|Any CPU
		{4A211E7B-B549-4D1E-9A47-C70C02C9107F}.Release|Any CPU.ActiveCfg = Release|Any CPU
		{4A211E7B-B549-4D1E-9A47-C70C02C9107F}.Release|Any CPU.Build.0 = Release|Any CPU
		{70014C3C-7B41-4D80-81EE-247ED1EC7C76}.Debug|Any CPU.ActiveCfg = Debug|Any CPU
		{70014C3C-7B41-4D80-81EE-247ED1EC7C76}.Debug|Any CPU.Build.0 = Debug|Any CPU
		{70014C3C-7B41-4D80-81EE-247ED1EC7C76}.Release|Any CPU.ActiveCfg = Release|Any CPU
		{70014C3C-7B41-4D80-81EE-247ED1EC7C76}.Release|Any CPU.Build.0 = Release|Any CPU
	EndGlobalSection
	GlobalSection(SolutionProperties) = preSolution
		HideSolutionNode = FALSE
	EndGlobalSection
EndGlobal
